
Microsoft Visual Studio Solution File, Format Version 12.00
# Visual Studio 15
VisualStudioVersion = 15.0.26228.4
MinimumVisualStudioVersion = 10.0.40219.1
Project("{2150E333-8FDC-42A3-9474-1A3956D46DE8}") = "Solution Items", "Solution Items", "{EE0EF34A-D36E-4836-A0BE-B12C7230DB70}"
	ProjectSection(SolutionItems) = preProject
		.editorconfig = .editorconfig
		.gitignore = .gitignore
		circle.yml = circle.yml
	EndProjectSection
EndProject
Project("{2150E333-8FDC-42A3-9474-1A3956D46DE8}") = "src", "src", "{98EEE159-981D-4910-A9C1-B7C172E8E2C2}"
EndProject
Project("{9A19103F-16F7-4668-BE54-9A1E7A4F7556}") = "Deinok.Runtime.Serialization", "src\Deinok.Runtime.Serialization\Deinok.Runtime.Serialization.csproj", "{B02B7DB2-62F3-46A4-8980-45B7231A3B52}"
EndProject
Project("{2150E333-8FDC-42A3-9474-1A3956D46DE8}") = "tests", "tests", "{E5F495D5-2ADD-4430-AA0C-9639B406C1E9}"
EndProject
Project("{9A19103F-16F7-4668-BE54-9A1E7A4F7556}") = "Deinok.Runtime.Serialization.Tests", "tests\Deinok.Runtime.Serialization.Tests\Deinok.Runtime.Serialization.Tests.csproj", "{BEA0898F-EF6C-43FE-8530-36863DD1E81F}"
EndProject
Project("{9A19103F-16F7-4668-BE54-9A1E7A4F7556}") = "Deinok.Runtime.Serialization.Json", "src\Deinok.Runtime.Serialization.Json\Deinok.Runtime.Serialization.Json.csproj", "{E18FB5EA-B56B-4155-A79D-3048FEB61E4F}"
EndProject
Project("{9A19103F-16F7-4668-BE54-9A1E7A4F7556}") = "Deinok.Runtime.Serialization.Json.Tests", "tests\Deinok.Runtime.Serialization.Json.Tests\Deinok.Runtime.Serialization.Json.Tests.csproj", "{0E7D4C2E-730E-44A3-9177-3451291AB82E}"
EndProject
Project("{9A19103F-16F7-4668-BE54-9A1E7A4F7556}") = "Deinok.Runtime.Serialization.Bson", "src\Deinok.Runtime.Serialization.Bson\Deinok.Runtime.Serialization.Bson.csproj", "{2C620AC7-F1AC-425B-AAE5-0187DD9F7A65}"
EndProject
Project("{9A19103F-16F7-4668-BE54-9A1E7A4F7556}") = "Deinok.Runtime.Serialization.Bson.Tests", "tests\Deinok.Runtime.Serialization.Bson.Tests\Deinok.Runtime.Serialization.Bson.Tests.csproj", "{DCD8A64C-E7E0-4145-81F3-08BAD78AFEDC}"
EndProject
Project("{FAE04EC0-301F-11D3-BF4B-00C04F79EFBC}") = "Deinok.Runtime.Serialization.Base64", "src\Deinok.Runtime.Serialization.Base64\Deinok.Runtime.Serialization.Base64.csproj", "{D836E97A-44B7-4FA1-B8C5-ED44B6D39B5F}"
EndProject
Global
	GlobalSection(SolutionConfigurationPlatforms) = preSolution
		Debug|Any CPU = Debug|Any CPU
		Release|Any CPU = Release|Any CPU
	EndGlobalSection
	GlobalSection(ProjectConfigurationPlatforms) = postSolution
		{B02B7DB2-62F3-46A4-8980-45B7231A3B52}.Debug|Any CPU.ActiveCfg = Debug|Any CPU
		{B02B7DB2-62F3-46A4-8980-45B7231A3B52}.Debug|Any CPU.Build.0 = Debug|Any CPU
		{B02B7DB2-62F3-46A4-8980-45B7231A3B52}.Release|Any CPU.ActiveCfg = Release|Any CPU
		{B02B7DB2-62F3-46A4-8980-45B7231A3B52}.Release|Any CPU.Build.0 = Release|Any CPU
		{BEA0898F-EF6C-43FE-8530-36863DD1E81F}.Debug|Any CPU.ActiveCfg = Debug|Any CPU
		{BEA0898F-EF6C-43FE-8530-36863DD1E81F}.Debug|Any CPU.Build.0 = Debug|Any CPU
		{BEA0898F-EF6C-43FE-8530-36863DD1E81F}.Release|Any CPU.ActiveCfg = Release|Any CPU
		{BEA0898F-EF6C-43FE-8530-36863DD1E81F}.Release|Any CPU.Build.0 = Release|Any CPU
		{E18FB5EA-B56B-4155-A79D-3048FEB61E4F}.Debug|Any CPU.ActiveCfg = Debug|Any CPU
		{E18FB5EA-B56B-4155-A79D-3048FEB61E4F}.Debug|Any CPU.Build.0 = Debug|Any CPU
		{E18FB5EA-B56B-4155-A79D-3048FEB61E4F}.Release|Any CPU.ActiveCfg = Release|Any CPU
		{E18FB5EA-B56B-4155-A79D-3048FEB61E4F}.Release|Any CPU.Build.0 = Release|Any CPU
		{0E7D4C2E-730E-44A3-9177-3451291AB82E}.Debug|Any CPU.ActiveCfg = Debug|Any CPU
		{0E7D4C2E-730E-44A3-9177-3451291AB82E}.Debug|Any CPU.Build.0 = Debug|Any CPU
		{0E7D4C2E-730E-44A3-9177-3451291AB82E}.Release|Any CPU.ActiveCfg = Release|Any CPU
		{0E7D4C2E-730E-44A3-9177-3451291AB82E}.Release|Any CPU.Build.0 = Release|Any CPU
		{2C620AC7-F1AC-425B-AAE5-0187DD9F7A65}.Debug|Any CPU.ActiveCfg = Debug|Any CPU
		{2C620AC7-F1AC-425B-AAE5-0187DD9F7A65}.Debug|Any CPU.Build.0 = Debug|Any CPU
		{2C620AC7-F1AC-425B-AAE5-0187DD9F7A65}.Release|Any CPU.ActiveCfg = Release|Any CPU
		{2C620AC7-F1AC-425B-AAE5-0187DD9F7A65}.Release|Any CPU.Build.0 = Release|Any CPU
		{DCD8A64C-E7E0-4145-81F3-08BAD78AFEDC}.Debug|Any CPU.ActiveCfg = Debug|Any CPU
		{DCD8A64C-E7E0-4145-81F3-08BAD78AFEDC}.Debug|Any CPU.Build.0 = Debug|Any CPU
		{DCD8A64C-E7E0-4145-81F3-08BAD78AFEDC}.Release|Any CPU.ActiveCfg = Release|Any CPU
		{DCD8A64C-E7E0-4145-81F3-08BAD78AFEDC}.Release|Any CPU.Build.0 = Release|Any CPU
		{D836E97A-44B7-4FA1-B8C5-ED44B6D39B5F}.Debug|Any CPU.ActiveCfg = Debug|Any CPU
		{D836E97A-44B7-4FA1-B8C5-ED44B6D39B5F}.Debug|Any CPU.Build.0 = Debug|Any CPU
		{D836E97A-44B7-4FA1-B8C5-ED44B6D39B5F}.Release|Any CPU.ActiveCfg = Release|Any CPU
		{D836E97A-44B7-4FA1-B8C5-ED44B6D39B5F}.Release|Any CPU.Build.0 = Release|Any CPU
	EndGlobalSection
	GlobalSection(SolutionProperties) = preSolution
		HideSolutionNode = FALSE
	EndGlobalSection
	GlobalSection(NestedProjects) = preSolution
		{B02B7DB2-62F3-46A4-8980-45B7231A3B52} = {98EEE159-981D-4910-A9C1-B7C172E8E2C2}
		{BEA0898F-EF6C-43FE-8530-36863DD1E81F} = {E5F495D5-2ADD-4430-AA0C-9639B406C1E9}
		{E18FB5EA-B56B-4155-A79D-3048FEB61E4F} = {98EEE159-981D-4910-A9C1-B7C172E8E2C2}
		{0E7D4C2E-730E-44A3-9177-3451291AB82E} = {E5F495D5-2ADD-4430-AA0C-9639B406C1E9}
		{2C620AC7-F1AC-425B-AAE5-0187DD9F7A65} = {98EEE159-981D-4910-A9C1-B7C172E8E2C2}
		{DCD8A64C-E7E0-4145-81F3-08BAD78AFEDC} = {E5F495D5-2ADD-4430-AA0C-9639B406C1E9}
		{D836E97A-44B7-4FA1-B8C5-ED44B6D39B5F} = {98EEE159-981D-4910-A9C1-B7C172E8E2C2}
	EndGlobalSection
EndGlobal
